
Microsoft Visual Studio Solution File, Format Version 12.00
# Visual Studio 15
VisualStudioVersion = 15.0.28307.852
MinimumVisualStudioVersion = 10.0.40219.1
Project("{FAE04EC0-301F-11D3-BF4B-00C04F79EFBC}") = "RatingCompetitorsUsingInferNet", "RatingCompetitorsUsingInferNet\RatingCompetitorsUsingInferNet.csproj", "{B1B320D9-ABEB-4E20-9698-49D274AC1127}"
EndProject
Global
	GlobalSection(SolutionConfigurationPlatforms) = preSolution
		Debug|Any CPU = Debug|Any CPU
		Release|Any CPU = Release|Any CPU
	EndGlobalSection
	GlobalSection(ProjectConfigurationPlatforms) = postSolution
		{B1B320D9-ABEB-4E20-9698-49D274AC1127}.Debug|Any CPU.ActiveCfg = Debug|Any CPU
		{B1B320D9-ABEB-4E20-9698-49D274AC1127}.Debug|Any CPU.Build.0 = Debug|Any CPU
		{B1B320D9-ABEB-4E20-9698-49D274AC1127}.Release|Any CPU.ActiveCfg = Release|Any CPU
		{B1B320D9-ABEB-4E20-9698-49D274AC1127}.Release|Any CPU.Build.0 = Release|Any CPU
	EndGlobalSection
	GlobalSection(SolutionProperties) = preSolution
		HideSolutionNode = FALSE
	EndGlobalSection
	GlobalSection(ExtensibilityGlobals) = postSolution
		SolutionGuid = {0427A1A5-3613-4040-AF28-1754C2AC10CE}
	EndGlobalSection
EndGlobal
